{
  "name": "cancelable-event",
  "version": "1.0.2",
  "lockfileVersion": 1,
  "requires": true,
  "dependencies": {
    "capsulable": {
      "version": "1.1.1",
      "resolved": "https://registry.npmjs.org/capsulable/-/capsulable-1.1.1.tgz",
      "integrity": "sha512-/kZQGcih7QOcVHKUS4U5B1dPnexSCF+KSlK6zrjVAN6fyUtLx/b+tPhu32SaMqE5GTt3PLpNiZqD1qKrjZlKQw=="
    },
    "stack-trace": {
      "version": "0.0.10",
      "resolved": "https://registry.npmjs.org/stack-trace/-/stack-trace-0.0.10.tgz",
      "integrity": "sha1-VHxws0fo0ytOEI6hoqFZ5f3eGcA="
    }
  }
}
